
Microsoft Visual Studio Solution File, Format Version 12.00
# Visual Studio Version 17
VisualStudioVersion = 17.12.35707.178
MinimumVisualStudioVersion = 10.0.40219.1
Project("{FAE04EC0-301F-11D3-BF4B-00C04F79EFBC}") = "HybridConnectionManagerCLI", "HybridConnectionManagerCLI\HybridConnectionManagerCLI.csproj", "{F567B679-DB1B-402F-BE2B-0A98AF915849}"
EndProject
Project("{FAE04EC0-301F-11D3-BF4B-00C04F79EFBC}") = "HybridConnectionManagerLibrary", "HybridConnectionManagerClient\HybridConnectionManagerLibrary.csproj", "{FBB1A0A6-1913-4789-971E-8CAF28DCEAA3}"
EndProject
Project("{FAE04EC0-301F-11D3-BF4B-00C04F79EFBC}") = "HybridConnectionManagerService", "HybridConnectionManagerService\HybridConnectionManagerService.csproj", "{072A965E-9CC9-4EA3-93CA-C0DC4FBC94F1}"
	ProjectSection(ProjectDependencies) = postProject
		{FBB1A0A6-1913-4789-971E-8CAF28DCEAA3} = {FBB1A0A6-1913-4789-971E-8CAF28DCEAA3}
	EndProjectSection
EndProject
Global
	GlobalSection(SolutionConfigurationPlatforms) = preSolution
		Debug|Any CPU = Debug|Any CPU
		Release|Any CPU = Release|Any CPU
	EndGlobalSection
	GlobalSection(ProjectConfigurationPlatforms) = postSolution
		{F567B679-DB1B-402F-BE2B-0A98AF915849}.Debug|Any CPU.ActiveCfg = Debug|Any CPU
		{F567B679-DB1B-402F-BE2B-0A98AF915849}.Debug|Any CPU.Build.0 = Debug|Any CPU
		{F567B679-DB1B-402F-BE2B-0A98AF915849}.Release|Any CPU.ActiveCfg = Release|Any CPU
		{F567B679-DB1B-402F-BE2B-0A98AF915849}.Release|Any CPU.Build.0 = Release|Any CPU
		{FBB1A0A6-1913-4789-971E-8CAF28DCEAA3}.Debug|Any CPU.ActiveCfg = Debug|Any CPU
		{FBB1A0A6-1913-4789-971E-8CAF28DCEAA3}.Debug|Any CPU.Build.0 = Debug|Any CPU
		{FBB1A0A6-1913-4789-971E-8CAF28DCEAA3}.Release|Any CPU.ActiveCfg = Release|Any CPU
		{FBB1A0A6-1913-4789-971E-8CAF28DCEAA3}.Release|Any CPU.Build.0 = Release|Any CPU
		{072A965E-9CC9-4EA3-93CA-C0DC4FBC94F1}.Debug|Any CPU.ActiveCfg = Debug|Any CPU
		{072A965E-9CC9-4EA3-93CA-C0DC4FBC94F1}.Debug|Any CPU.Build.0 = Debug|Any CPU
		{072A965E-9CC9-4EA3-93CA-C0DC4FBC94F1}.Release|Any CPU.ActiveCfg = Release|Any CPU
		{072A965E-9CC9-4EA3-93CA-C0DC4FBC94F1}.Release|Any CPU.Build.0 = Release|Any CPU
	EndGlobalSection
	GlobalSection(SolutionProperties) = preSolution
		HideSolutionNode = FALSE
	EndGlobalSection
EndGlobal
