
Microsoft Visual Studio Solution File, Format Version 12.00
# Visual Studio Version 17
VisualStudioVersion = 17.12.35707.178
MinimumVisualStudioVersion = 10.0.40219.1
Project("{FAE04EC0-301F-11D3-BF4B-00C04F79EFBC}") = "HybridConnectionManagerCLI", "HybridConnectionManagerCLI\HybridConnectionManagerCLI.csproj", "{F567B679-DB1B-402F-BE2B-0A98AF915849}"
EndProject
Project("{FAE04EC0-301F-11D3-BF4B-00C04F79EFBC}") = "HybridConnectionManagerLibrary", "HybridConnectionManagerClient\HybridConnectionManagerLibrary.csproj", "{FBB1A0A6-1913-4789-971E-8CAF28DCEAA3}"
EndProject
Project("{FAE04EC0-301F-11D3-BF4B-00C04F79EFBC}") = "HybridConnectionManagerService", "HybridConnectionManagerService\HybridConnectionManagerService.csproj", "{072A965E-9CC9-4EA3-93CA-C0DC4FBC94F1}"
	ProjectSection(ProjectDependencies) = postProject
		{FBB1A0A6-1913-4789-971E-8CAF28DCEAA3} = {FBB1A0A6-1913-4789-971E-8CAF28DCEAA3}
	EndProjectSection
EndProject
Project("{FAE04EC0-301F-11D3-BF4B-00C04F79EFBC}") = "HybridConnectionManagerGUI", "HybridConnectionManagerGUI\HybridConnectionManagerGUI.csproj", "{E2F483F5-5858-4E47-B355-0C935ACE4108}"
EndProject
Project("{2150E333-8FDC-42A3-9474-1A3956D46DE8}") = "Solution Items", "Solution Items", "{8EC462FD-D22E-90A8-E5CE-7E832BA40C5D}"
	ProjectSection(SolutionItems) = preProject
		README.md = README.md
	EndProjectSection
EndProject
Project("{B7DD6F7E-DEF8-4E67-B5B7-07EF123DB6F0}") = "HybridConnectionManagerWindowsInstaller", "HybridConnectionManagerWindowsInstaller\HybridConnectionManagerWindowsInstaller.wixproj", "{A63AC9AC-5CFB-4079-B38A-A188996D2E08}"
EndProject
Global
	GlobalSection(SolutionConfigurationPlatforms) = preSolution
		Debug|Any CPU = Debug|Any CPU
		Debug|ARM64 = Debug|ARM64
		Debug|x64 = Debug|x64
		Debug|x86 = Debug|x86
		Release|Any CPU = Release|Any CPU
		Release|ARM64 = Release|ARM64
		Release|x64 = Release|x64
		Release|x86 = Release|x86
	EndGlobalSection
	GlobalSection(ProjectConfigurationPlatforms) = postSolution
		{F567B679-DB1B-402F-BE2B-0A98AF915849}.Debug|Any CPU.ActiveCfg = Debug|Any CPU
		{F567B679-DB1B-402F-BE2B-0A98AF915849}.Debug|Any CPU.Build.0 = Debug|Any CPU
		{F567B679-DB1B-402F-BE2B-0A98AF915849}.Debug|ARM64.ActiveCfg = Debug|Any CPU
		{F567B679-DB1B-402F-BE2B-0A98AF915849}.Debug|ARM64.Build.0 = Debug|Any CPU
		{F567B679-DB1B-402F-BE2B-0A98AF915849}.Debug|x64.ActiveCfg = Debug|Any CPU
		{F567B679-DB1B-402F-BE2B-0A98AF915849}.Debug|x64.Build.0 = Debug|Any CPU
		{F567B679-DB1B-402F-BE2B-0A98AF915849}.Debug|x86.ActiveCfg = Debug|Any CPU
		{F567B679-DB1B-402F-BE2B-0A98AF915849}.Debug|x86.Build.0 = Debug|Any CPU
		{F567B679-DB1B-402F-BE2B-0A98AF915849}.Release|Any CPU.ActiveCfg = Release|Any CPU
		{F567B679-DB1B-402F-BE2B-0A98AF915849}.Release|Any CPU.Build.0 = Release|Any CPU
		{F567B679-DB1B-402F-BE2B-0A98AF915849}.Release|ARM64.ActiveCfg = Release|Any CPU
		{F567B679-DB1B-402F-BE2B-0A98AF915849}.Release|ARM64.Build.0 = Release|Any CPU
		{F567B679-DB1B-402F-BE2B-0A98AF915849}.Release|x64.ActiveCfg = Release|Any CPU
		{F567B679-DB1B-402F-BE2B-0A98AF915849}.Release|x64.Build.0 = Release|Any CPU
		{F567B679-DB1B-402F-BE2B-0A98AF915849}.Release|x86.ActiveCfg = Release|Any CPU
		{F567B679-DB1B-402F-BE2B-0A98AF915849}.Release|x86.Build.0 = Release|Any CPU
		{FBB1A0A6-1913-4789-971E-8CAF28DCEAA3}.Debug|Any CPU.ActiveCfg = Debug|Any CPU
		{FBB1A0A6-1913-4789-971E-8CAF28DCEAA3}.Debug|Any CPU.Build.0 = Debug|Any CPU
		{FBB1A0A6-1913-4789-971E-8CAF28DCEAA3}.Debug|ARM64.ActiveCfg = Debug|Any CPU
		{FBB1A0A6-1913-4789-971E-8CAF28DCEAA3}.Debug|ARM64.Build.0 = Debug|Any CPU
		{FBB1A0A6-1913-4789-971E-8CAF28DCEAA3}.Debug|x64.ActiveCfg = Debug|Any CPU
		{FBB1A0A6-1913-4789-971E-8CAF28DCEAA3}.Debug|x64.Build.0 = Debug|Any CPU
		{FBB1A0A6-1913-4789-971E-8CAF28DCEAA3}.Debug|x86.ActiveCfg = Debug|Any CPU
		{FBB1A0A6-1913-4789-971E-8CAF28DCEAA3}.Debug|x86.Build.0 = Debug|Any CPU
		{FBB1A0A6-1913-4789-971E-8CAF28DCEAA3}.Release|Any CPU.ActiveCfg = Release|Any CPU
		{FBB1A0A6-1913-4789-971E-8CAF28DCEAA3}.Release|Any CPU.Build.0 = Release|Any CPU
		{FBB1A0A6-1913-4789-971E-8CAF28DCEAA3}.Release|ARM64.ActiveCfg = Release|Any CPU
		{FBB1A0A6-1913-4789-971E-8CAF28DCEAA3}.Release|ARM64.Build.0 = Release|Any CPU
		{FBB1A0A6-1913-4789-971E-8CAF28DCEAA3}.Release|x64.ActiveCfg = Release|Any CPU
		{FBB1A0A6-1913-4789-971E-8CAF28DCEAA3}.Release|x64.Build.0 = Release|Any CPU
		{FBB1A0A6-1913-4789-971E-8CAF28DCEAA3}.Release|x86.ActiveCfg = Release|Any CPU
		{FBB1A0A6-1913-4789-971E-8CAF28DCEAA3}.Release|x86.Build.0 = Release|Any CPU
		{072A965E-9CC9-4EA3-93CA-C0DC4FBC94F1}.Debug|Any CPU.ActiveCfg = Debug|Any CPU
		{072A965E-9CC9-4EA3-93CA-C0DC4FBC94F1}.Debug|Any CPU.Build.0 = Debug|Any CPU
		{072A965E-9CC9-4EA3-93CA-C0DC4FBC94F1}.Debug|ARM64.ActiveCfg = Debug|Any CPU
		{072A965E-9CC9-4EA3-93CA-C0DC4FBC94F1}.Debug|ARM64.Build.0 = Debug|Any CPU
		{072A965E-9CC9-4EA3-93CA-C0DC4FBC94F1}.Debug|x64.ActiveCfg = Debug|Any CPU
		{072A965E-9CC9-4EA3-93CA-C0DC4FBC94F1}.Debug|x64.Build.0 = Debug|Any CPU
		{072A965E-9CC9-4EA3-93CA-C0DC4FBC94F1}.Debug|x86.ActiveCfg = Debug|Any CPU
		{072A965E-9CC9-4EA3-93CA-C0DC4FBC94F1}.Debug|x86.Build.0 = Debug|Any CPU
		{072A965E-9CC9-4EA3-93CA-C0DC4FBC94F1}.Release|Any CPU.ActiveCfg = Release|Any CPU
		{072A965E-9CC9-4EA3-93CA-C0DC4FBC94F1}.Release|Any CPU.Build.0 = Release|Any CPU
		{072A965E-9CC9-4EA3-93CA-C0DC4FBC94F1}.Release|ARM64.ActiveCfg = Release|Any CPU
		{072A965E-9CC9-4EA3-93CA-C0DC4FBC94F1}.Release|ARM64.Build.0 = Release|Any CPU
		{072A965E-9CC9-4EA3-93CA-C0DC4FBC94F1}.Release|x64.ActiveCfg = Release|Any CPU
		{072A965E-9CC9-4EA3-93CA-C0DC4FBC94F1}.Release|x64.Build.0 = Release|Any CPU
		{072A965E-9CC9-4EA3-93CA-C0DC4FBC94F1}.Release|x86.ActiveCfg = Release|Any CPU
		{072A965E-9CC9-4EA3-93CA-C0DC4FBC94F1}.Release|x86.Build.0 = Release|Any CPU
		{E2F483F5-5858-4E47-B355-0C935ACE4108}.Debug|Any CPU.ActiveCfg = Debug|Any CPU
		{E2F483F5-5858-4E47-B355-0C935ACE4108}.Debug|Any CPU.Build.0 = Debug|Any CPU
		{E2F483F5-5858-4E47-B355-0C935ACE4108}.Debug|ARM64.ActiveCfg = Debug|Any CPU
		{E2F483F5-5858-4E47-B355-0C935ACE4108}.Debug|ARM64.Build.0 = Debug|Any CPU
		{E2F483F5-5858-4E47-B355-0C935ACE4108}.Debug|x64.ActiveCfg = Debug|Any CPU
		{E2F483F5-5858-4E47-B355-0C935ACE4108}.Debug|x64.Build.0 = Debug|Any CPU
		{E2F483F5-5858-4E47-B355-0C935ACE4108}.Debug|x86.ActiveCfg = Debug|Any CPU
		{E2F483F5-5858-4E47-B355-0C935ACE4108}.Debug|x86.Build.0 = Debug|Any CPU
		{E2F483F5-5858-4E47-B355-0C935ACE4108}.Release|Any CPU.ActiveCfg = Release|Any CPU
		{E2F483F5-5858-4E47-B355-0C935ACE4108}.Release|Any CPU.Build.0 = Release|Any CPU
		{E2F483F5-5858-4E47-B355-0C935ACE4108}.Release|ARM64.ActiveCfg = Release|Any CPU
		{E2F483F5-5858-4E47-B355-0C935ACE4108}.Release|ARM64.Build.0 = Release|Any CPU
		{E2F483F5-5858-4E47-B355-0C935ACE4108}.Release|x64.ActiveCfg = Release|Any CPU
		{E2F483F5-5858-4E47-B355-0C935ACE4108}.Release|x64.Build.0 = Release|Any CPU
		{E2F483F5-5858-4E47-B355-0C935ACE4108}.Release|x86.ActiveCfg = Release|Any CPU
		{E2F483F5-5858-4E47-B355-0C935ACE4108}.Release|x86.Build.0 = Release|Any CPU
		{A63AC9AC-5CFB-4079-B38A-A188996D2E08}.Debug|Any CPU.ActiveCfg = Debug|x64
		{A63AC9AC-5CFB-4079-B38A-A188996D2E08}.Debug|Any CPU.Build.0 = Debug|x64
		{A63AC9AC-5CFB-4079-B38A-A188996D2E08}.Debug|ARM64.ActiveCfg = Debug|ARM64
		{A63AC9AC-5CFB-4079-B38A-A188996D2E08}.Debug|ARM64.Build.0 = Debug|ARM64
		{A63AC9AC-5CFB-4079-B38A-A188996D2E08}.Debug|x64.ActiveCfg = Debug|x64
		{A63AC9AC-5CFB-4079-B38A-A188996D2E08}.Debug|x64.Build.0 = Debug|x64
		{A63AC9AC-5CFB-4079-B38A-A188996D2E08}.Debug|x86.ActiveCfg = Debug|x86
		{A63AC9AC-5CFB-4079-B38A-A188996D2E08}.Debug|x86.Build.0 = Debug|x86
		{A63AC9AC-5CFB-4079-B38A-A188996D2E08}.Release|Any CPU.ActiveCfg = Release|x64
		{A63AC9AC-5CFB-4079-B38A-A188996D2E08}.Release|Any CPU.Build.0 = Release|x64
		{A63AC9AC-5CFB-4079-B38A-A188996D2E08}.Release|ARM64.ActiveCfg = Release|ARM64
		{A63AC9AC-5CFB-4079-B38A-A188996D2E08}.Release|ARM64.Build.0 = Release|ARM64
		{A63AC9AC-5CFB-4079-B38A-A188996D2E08}.Release|x64.ActiveCfg = Release|x64
		{A63AC9AC-5CFB-4079-B38A-A188996D2E08}.Release|x64.Build.0 = Release|x64
		{A63AC9AC-5CFB-4079-B38A-A188996D2E08}.Release|x86.ActiveCfg = Release|x86
		{A63AC9AC-5CFB-4079-B38A-A188996D2E08}.Release|x86.Build.0 = Release|x86
	EndGlobalSection
	GlobalSection(SolutionProperties) = preSolution
		HideSolutionNode = FALSE
	EndGlobalSection
	GlobalSection(ExtensibilityGlobals) = postSolution
		SolutionGuid = {9A48F39C-87F9-4AC1-A319-8DC120D12EFC}
	EndGlobalSection
EndGlobal
